
Microsoft Visual Studio Solution File, Format Version 12.00
# Visual Studio 14
VisualStudioVersion = 14.0.25420.1
MinimumVisualStudioVersion = 10.0.40219.1
Project("{FAE04EC0-301F-11D3-BF4B-00C04F79EFBC}") = "ComboBoxBugDemo", "ComboBoxBugDemo\ComboBoxBugDemo.csproj", "{66618867-1319-4383-A7B6-2D1B745B566B}"
EndProject
Global
	GlobalSection(SolutionConfigurationPlatforms) = preSolution
		Debug|Any CPU = Debug|Any CPU
		Release|Any CPU = Release|Any CPU
	EndGlobalSection
	GlobalSection(ProjectConfigurationPlatforms) = postSolution
		{66618867-1319-4383-A7B6-2D1B745B566B}.Debug|Any CPU.ActiveCfg = Debug|Any CPU
		{66618867-1319-4383-A7B6-2D1B745B566B}.Debug|Any CPU.Build.0 = Debug|Any CPU
		{66618867-1319-4383-A7B6-2D1B745B566B}.Release|Any CPU.ActiveCfg = Release|Any CPU
		{66618867-1319-4383-A7B6-2D1B745B566B}.Release|Any CPU.Build.0 = Release|Any CPU
	EndGlobalSection
	GlobalSection(SolutionProperties) = preSolution
		HideSolutionNode = FALSE
	EndGlobalSection
EndGlobal
